
Microsoft Visual Studio Solution File, Format Version 12.00
# Visual Studio Version 17
VisualStudioVersion = 17.8.34525.116
MinimumVisualStudioVersion = 10.0.40219.1
Project("{9A19103F-16F7-4668-BE54-9A1E7A4F7556}") = "CityInfo", "CityInfo\CityInfo.csproj", "{98DFC2F0-7A5D-4D7C-826F-91BDA2FAB46F}"
EndProject
Global
	GlobalSection(SolutionConfigurationPlatforms) = preSolution
		Debug|Any CPU = Debug|Any CPU
		Release|Any CPU = Release|Any CPU
	EndGlobalSection
	GlobalSection(ProjectConfigurationPlatforms) = postSolution
		{98DFC2F0-7A5D-4D7C-826F-91BDA2FAB46F}.Debug|Any CPU.ActiveCfg = Debug|Any CPU
		{98DFC2F0-7A5D-4D7C-826F-91BDA2FAB46F}.Debug|Any CPU.Build.0 = Debug|Any CPU
		{98DFC2F0-7A5D-4D7C-826F-91BDA2FAB46F}.Release|Any CPU.ActiveCfg = Release|Any CPU
		{98DFC2F0-7A5D-4D7C-826F-91BDA2FAB46F}.Release|Any CPU.Build.0 = Release|Any CPU
	EndGlobalSection
	GlobalSection(SolutionProperties) = preSolution
		HideSolutionNode = FALSE
	EndGlobalSection
	GlobalSection(ExtensibilityGlobals) = postSolution
		SolutionGuid = {1A0906D2-DB16-428C-A373-FAC7FD3E2C0F}
	EndGlobalSection
EndGlobal
